
Microsoft Visual Studio Solution File, Format Version 12.00
# Visual Studio Version 17
VisualStudioVersion = 17.0.31903.59
MinimumVisualStudioVersion = 10.0.40219.1
Project("{FAE04EC0-301F-11D3-BF4B-00C04F79EFBC}") = "Quiz.Domain", "Quiz.Domain\Quiz.Domain.csproj", "{E8864460-3541-4D0D-A04C-736900CB84FB}"
EndProject
Project("{FAE04EC0-301F-11D3-BF4B-00C04F79EFBC}") = "Quiz.Application", "Quiz.Application\Quiz.Application.csproj", "{9B27B773-ABA6-4516-A8ED-0405B473FEA5}"
EndProject
Project("{FAE04EC0-301F-11D3-BF4B-00C04F79EFBC}") = "Quiz.Infrastructure", "Quiz.Infrastructure\Quiz.Infrastructure.csproj", "{C3B3FE28-6331-4CFA-9280-56FBDA38E6FC}"
EndProject
Project("{FAE04EC0-301F-11D3-BF4B-00C04F79EFBC}") = "Quiz.WebUI", "Quiz.WebUI\Quiz.WebUI.csproj", "{66E11790-832D-49A3-9FBD-D272D6BDAE27}"
EndProject
Project("{2150E333-8FDC-42A3-9474-1A3956D46DE8}") = "Services", "Services", "{5854FF58-B8C5-05C6-5BF2-ACE42193F22B}"
EndProject
Project("{2150E333-8FDC-42A3-9474-1A3956D46DE8}") = "Identity", "Identity", "{357A7C97-5AE1-023F-1442-0D9F9AF22A31}"
EndProject
Project("{FAE04EC0-301F-11D3-BF4B-00C04F79EFBC}") = "Quiz.Identity.Application", "Services\Identity\Quiz.Identity.Application\Quiz.Identity.Application.csproj", "{658CC079-1C88-452A-A952-3477371D0F95}"
EndProject
Project("{FAE04EC0-301F-11D3-BF4B-00C04F79EFBC}") = "Quiz.Identity.Infrastructure", "Services\Identity\Quiz.Identity.Infrastructure\Quiz.Identity.Infrastructure.csproj", "{33E5423A-D7AC-406E-A1E7-1BE641BB32FA}"
EndProject
Project("{FAE04EC0-301F-11D3-BF4B-00C04F79EFBC}") = "Quiz.Identity.Api", "Services\Identity\Quiz.Identity.Api\Quiz.Identity.Api.csproj", "{4247E47B-FF78-4242-90F7-E487AA301C02}"
EndProject
Global
	GlobalSection(SolutionConfigurationPlatforms) = preSolution
		Debug|Any CPU = Debug|Any CPU
		Debug|x64 = Debug|x64
		Debug|x86 = Debug|x86
		Release|Any CPU = Release|Any CPU
		Release|x64 = Release|x64
		Release|x86 = Release|x86
	EndGlobalSection
	GlobalSection(ProjectConfigurationPlatforms) = postSolution
		{E8864460-3541-4D0D-A04C-736900CB84FB}.Debug|Any CPU.ActiveCfg = Debug|Any CPU
		{E8864460-3541-4D0D-A04C-736900CB84FB}.Debug|Any CPU.Build.0 = Debug|Any CPU
		{E8864460-3541-4D0D-A04C-736900CB84FB}.Debug|x64.ActiveCfg = Debug|Any CPU
		{E8864460-3541-4D0D-A04C-736900CB84FB}.Debug|x64.Build.0 = Debug|Any CPU
		{E8864460-3541-4D0D-A04C-736900CB84FB}.Debug|x86.ActiveCfg = Debug|Any CPU
		{E8864460-3541-4D0D-A04C-736900CB84FB}.Debug|x86.Build.0 = Debug|Any CPU
		{E8864460-3541-4D0D-A04C-736900CB84FB}.Release|Any CPU.ActiveCfg = Release|Any CPU
		{E8864460-3541-4D0D-A04C-736900CB84FB}.Release|Any CPU.Build.0 = Release|Any CPU
		{E8864460-3541-4D0D-A04C-736900CB84FB}.Release|x64.ActiveCfg = Release|Any CPU
		{E8864460-3541-4D0D-A04C-736900CB84FB}.Release|x64.Build.0 = Release|Any CPU
		{E8864460-3541-4D0D-A04C-736900CB84FB}.Release|x86.ActiveCfg = Release|Any CPU
		{E8864460-3541-4D0D-A04C-736900CB84FB}.Release|x86.Build.0 = Release|Any CPU
		{9B27B773-ABA6-4516-A8ED-0405B473FEA5}.Debug|Any CPU.ActiveCfg = Debug|Any CPU
		{9B27B773-ABA6-4516-A8ED-0405B473FEA5}.Debug|Any CPU.Build.0 = Debug|Any CPU
		{9B27B773-ABA6-4516-A8ED-0405B473FEA5}.Debug|x64.ActiveCfg = Debug|Any CPU
		{9B27B773-ABA6-4516-A8ED-0405B473FEA5}.Debug|x64.Build.0 = Debug|Any CPU
		{9B27B773-ABA6-4516-A8ED-0405B473FEA5}.Debug|x86.ActiveCfg = Debug|Any CPU
		{9B27B773-ABA6-4516-A8ED-0405B473FEA5}.Debug|x86.Build.0 = Debug|Any CPU
		{9B27B773-ABA6-4516-A8ED-0405B473FEA5}.Release|Any CPU.ActiveCfg = Release|Any CPU
		{9B27B773-ABA6-4516-A8ED-0405B473FEA5}.Release|Any CPU.Build.0 = Release|Any CPU
		{9B27B773-ABA6-4516-A8ED-0405B473FEA5}.Release|x64.ActiveCfg = Release|Any CPU
		{9B27B773-ABA6-4516-A8ED-0405B473FEA5}.Release|x64.Build.0 = Release|Any CPU
		{9B27B773-ABA6-4516-A8ED-0405B473FEA5}.Release|x86.ActiveCfg = Release|Any CPU
		{9B27B773-ABA6-4516-A8ED-0405B473FEA5}.Release|x86.Build.0 = Release|Any CPU
		{C3B3FE28-6331-4CFA-9280-56FBDA38E6FC}.Debug|Any CPU.ActiveCfg = Debug|Any CPU
		{C3B3FE28-6331-4CFA-9280-56FBDA38E6FC}.Debug|Any CPU.Build.0 = Debug|Any CPU
		{C3B3FE28-6331-4CFA-9280-56FBDA38E6FC}.Debug|x64.ActiveCfg = Debug|Any CPU
		{C3B3FE28-6331-4CFA-9280-56FBDA38E6FC}.Debug|x64.Build.0 = Debug|Any CPU
		{C3B3FE28-6331-4CFA-9280-56FBDA38E6FC}.Debug|x86.ActiveCfg = Debug|Any CPU
		{C3B3FE28-6331-4CFA-9280-56FBDA38E6FC}.Debug|x86.Build.0 = Debug|Any CPU
		{C3B3FE28-6331-4CFA-9280-56FBDA38E6FC}.Release|Any CPU.ActiveCfg = Release|Any CPU
		{C3B3FE28-6331-4CFA-9280-56FBDA38E6FC}.Release|Any CPU.Build.0 = Release|Any CPU
		{C3B3FE28-6331-4CFA-9280-56FBDA38E6FC}.Release|x64.ActiveCfg = Release|Any CPU
		{C3B3FE28-6331-4CFA-9280-56FBDA38E6FC}.Release|x64.Build.0 = Release|Any CPU
		{C3B3FE28-6331-4CFA-9280-56FBDA38E6FC}.Release|x86.ActiveCfg = Release|Any CPU
		{C3B3FE28-6331-4CFA-9280-56FBDA38E6FC}.Release|x86.Build.0 = Release|Any CPU
		{66E11790-832D-49A3-9FBD-D272D6BDAE27}.Debug|Any CPU.ActiveCfg = Debug|Any CPU
		{66E11790-832D-49A3-9FBD-D272D6BDAE27}.Debug|Any CPU.Build.0 = Debug|Any CPU
		{66E11790-832D-49A3-9FBD-D272D6BDAE27}.Debug|x64.ActiveCfg = Debug|Any CPU
		{66E11790-832D-49A3-9FBD-D272D6BDAE27}.Debug|x64.Build.0 = Debug|Any CPU
		{66E11790-832D-49A3-9FBD-D272D6BDAE27}.Debug|x86.ActiveCfg = Debug|Any CPU
		{66E11790-832D-49A3-9FBD-D272D6BDAE27}.Debug|x86.Build.0 = Debug|Any CPU
		{66E11790-832D-49A3-9FBD-D272D6BDAE27}.Release|Any CPU.ActiveCfg = Release|Any CPU
		{66E11790-832D-49A3-9FBD-D272D6BDAE27}.Release|Any CPU.Build.0 = Release|Any CPU
		{66E11790-832D-49A3-9FBD-D272D6BDAE27}.Release|x64.ActiveCfg = Release|Any CPU
		{66E11790-832D-49A3-9FBD-D272D6BDAE27}.Release|x64.Build.0 = Release|Any CPU
		{66E11790-832D-49A3-9FBD-D272D6BDAE27}.Release|x86.ActiveCfg = Release|Any CPU
		{66E11790-832D-49A3-9FBD-D272D6BDAE27}.Release|x86.Build.0 = Release|Any CPU
		{658CC079-1C88-452A-A952-3477371D0F95}.Debug|Any CPU.ActiveCfg = Debug|Any CPU
		{658CC079-1C88-452A-A952-3477371D0F95}.Debug|Any CPU.Build.0 = Debug|Any CPU
		{658CC079-1C88-452A-A952-3477371D0F95}.Debug|x64.ActiveCfg = Debug|Any CPU
		{658CC079-1C88-452A-A952-3477371D0F95}.Debug|x64.Build.0 = Debug|Any CPU
		{658CC079-1C88-452A-A952-3477371D0F95}.Debug|x86.ActiveCfg = Debug|Any CPU
		{658CC079-1C88-452A-A952-3477371D0F95}.Debug|x86.Build.0 = Debug|Any CPU
		{658CC079-1C88-452A-A952-3477371D0F95}.Release|Any CPU.ActiveCfg = Release|Any CPU
		{658CC079-1C88-452A-A952-3477371D0F95}.Release|Any CPU.Build.0 = Release|Any CPU
		{658CC079-1C88-452A-A952-3477371D0F95}.Release|x64.ActiveCfg = Release|Any CPU
		{658CC079-1C88-452A-A952-3477371D0F95}.Release|x64.Build.0 = Release|Any CPU
		{658CC079-1C88-452A-A952-3477371D0F95}.Release|x86.ActiveCfg = Release|Any CPU
		{658CC079-1C88-452A-A952-3477371D0F95}.Release|x86.Build.0 = Release|Any CPU
		{33E5423A-D7AC-406E-A1E7-1BE641BB32FA}.Debug|Any CPU.ActiveCfg = Debug|Any CPU
		{33E5423A-D7AC-406E-A1E7-1BE641BB32FA}.Debug|Any CPU.Build.0 = Debug|Any CPU
		{33E5423A-D7AC-406E-A1E7-1BE641BB32FA}.Debug|x64.ActiveCfg = Debug|Any CPU
		{33E5423A-D7AC-406E-A1E7-1BE641BB32FA}.Debug|x64.Build.0 = Debug|Any CPU
		{33E5423A-D7AC-406E-A1E7-1BE641BB32FA}.Debug|x86.ActiveCfg = Debug|Any CPU
		{33E5423A-D7AC-406E-A1E7-1BE641BB32FA}.Debug|x86.Build.0 = Debug|Any CPU
		{33E5423A-D7AC-406E-A1E7-1BE641BB32FA}.Release|Any CPU.ActiveCfg = Release|Any CPU
		{33E5423A-D7AC-406E-A1E7-1BE641BB32FA}.Release|Any CPU.Build.0 = Release|Any CPU
		{33E5423A-D7AC-406E-A1E7-1BE641BB32FA}.Release|x64.ActiveCfg = Release|Any CPU
		{33E5423A-D7AC-406E-A1E7-1BE641BB32FA}.Release|x64.Build.0 = Release|Any CPU
		{33E5423A-D7AC-406E-A1E7-1BE641BB32FA}.Release|x86.ActiveCfg = Release|Any CPU
		{33E5423A-D7AC-406E-A1E7-1BE641BB32FA}.Release|x86.Build.0 = Release|Any CPU
		{4247E47B-FF78-4242-90F7-E487AA301C02}.Debug|Any CPU.ActiveCfg = Debug|Any CPU
		{4247E47B-FF78-4242-90F7-E487AA301C02}.Debug|Any CPU.Build.0 = Debug|Any CPU
		{4247E47B-FF78-4242-90F7-E487AA301C02}.Debug|x64.ActiveCfg = Debug|Any CPU
		{4247E47B-FF78-4242-90F7-E487AA301C02}.Debug|x64.Build.0 = Debug|Any CPU
		{4247E47B-FF78-4242-90F7-E487AA301C02}.Debug|x86.ActiveCfg = Debug|Any CPU
		{4247E47B-FF78-4242-90F7-E487AA301C02}.Debug|x86.Build.0 = Debug|Any CPU
		{4247E47B-FF78-4242-90F7-E487AA301C02}.Release|Any CPU.ActiveCfg = Release|Any CPU
		{4247E47B-FF78-4242-90F7-E487AA301C02}.Release|Any CPU.Build.0 = Release|Any CPU
		{4247E47B-FF78-4242-90F7-E487AA301C02}.Release|x64.ActiveCfg = Release|Any CPU
		{4247E47B-FF78-4242-90F7-E487AA301C02}.Release|x64.Build.0 = Release|Any CPU
		{4247E47B-FF78-4242-90F7-E487AA301C02}.Release|x86.ActiveCfg = Release|Any CPU
		{4247E47B-FF78-4242-90F7-E487AA301C02}.Release|x86.Build.0 = Release|Any CPU
	EndGlobalSection
	GlobalSection(SolutionProperties) = preSolution
		HideSolutionNode = FALSE
	EndGlobalSection
	GlobalSection(NestedProjects) = preSolution
		{357A7C97-5AE1-023F-1442-0D9F9AF22A31} = {5854FF58-B8C5-05C6-5BF2-ACE42193F22B}
		{658CC079-1C88-452A-A952-3477371D0F95} = {357A7C97-5AE1-023F-1442-0D9F9AF22A31}
		{33E5423A-D7AC-406E-A1E7-1BE641BB32FA} = {357A7C97-5AE1-023F-1442-0D9F9AF22A31}
		{4247E47B-FF78-4242-90F7-E487AA301C02} = {357A7C97-5AE1-023F-1442-0D9F9AF22A31}
	EndGlobalSection
EndGlobal
